// !$*UTF8*$!
{
	archiveVersion = 1;
	classes = {
	};
	objectVersion = 46;
	objects = {

/* Begin PBXBuildFile section */
		980A4C9D1CCA04DF004EA464 /* main.m in Sources */ = {isa = PBXBuildFile; fileRef = 980A4C9C1CCA04DF004EA464 /* main.m */; };
		980A4CA01CCA04DF004EA464 /* AppDelegate.m in Sources */ = {isa = PBXBuildFile; fileRef = 980A4C9F1CCA04DF004EA464 /* AppDelegate.m */; };
		980A4CA31CCA04DF004EA464 /* ViewController.m in Sources */ = {isa = PBXBuildFile; fileRef = 980A4CA21CCA04DF004EA464 /* ViewController.m */; };
		980A4CA61CCA04DF004EA464 /* Main.storyboard in Resources */ = {isa = PBXBuildFile; fileRef = 980A4CA41CCA04DF004EA464 /* Main.storyboard */; };
		980A4CA81CCA04DF004EA464 /* Assets.xcassets in Resources */ = {isa = PBXBuildFile; fileRef = 980A4CA71CCA04DF004EA464 /* Assets.xcassets */; };
		980A4CAB1CCA04DF004EA464 /* LaunchScreen.storyboard in Resources */ = {isa = PBXBuildFile; fileRef = 980A4CA91CCA04DF004EA464 /* LaunchScreen.storyboard */; };
		980A4CB71CCA0521004EA464 /* BSBadgeView.m in Sources */ = {isa = PBXBuildFile; fileRef = 980A4CB41CCA0521004EA464 /* BSBadgeView.m */; };
		980A4CB81CCA0521004EA464 /* UIView+BSBadge.m in Sources */ = {isa = PBXBuildFile; fileRef = 980A4CB61CCA0521004EA464 /* UIView+BSBadge.m */; };
		980A4CBB1CCA0F4B004EA464 /* TabBarViewController.m in Sources */ = {isa = PBXBuildFile; fileRef = 980A4CBA1CCA0F4B004EA464 /* TabBarViewController.m */; };
		98DEC6931F2EF5D200580FEB /* UITabBarController+BSBadge.m in Sources */ = {isa = PBXBuildFile; fileRef = 98DEC6921F2EF5D200580FEB /* UITabBarController+BSBadge.m */; };
/* End PBXBuildFile section */

/* Begin PBXFileReference section */
		980A4C981CCA04DF004EA464 /* BSBadgeDemo.app */ = {isa = PBXFileReference; explicitFileType = wrapper.application; includeInIndex = 0; path = BSBadgeDemo.app; sourceTree = BUILT_PRODUCTS_DIR; };
		980A4C9C1CCA04DF004EA464 /* main.m */ = {isa = PBXFileReference; lastKnownFileType = sourcecode.c.objc; path = main.m; sourceTree = "<group>"; };
		980A4C9E1CCA04DF004EA464 /* AppDelegate.h */ = {isa = PBXFileReference; lastKnownFileType = sourcecode.c.h; path = AppDelegate.h; sourceTree = "<group>"; };
		980A4C9F1CCA04DF004EA464 /* AppDelegate.m */ = {isa = PBXFileReference; lastKnownFileType = sourcecode.c.objc; path = AppDelegate.m; sourceTree = "<group>"; };
		980A4CA11CCA04DF004EA464 /* ViewController.h */ = {isa = PBXFileReference; lastKnownFileType = sourcecode.c.h; path = ViewController.h; sourceTree = "<group>"; };
		980A4CA21CCA04DF004EA464 /* ViewController.m */ = {isa = PBXFileReference; lastKnownFileType = sourcecode.c.objc; path = ViewController.m; sourceTree = "<group>"; };
		980A4CA51CCA04DF004EA464 /* Base */ = {isa = PBXFileReference; lastKnownFileType = file.storyboard; name = Base; path = Base.lproj/Main.storyboard; sourceTree = "<group>"; };
		980A4CA71CCA04DF004EA464 /* Assets.xcassets */ = {isa = PBXFileReference; lastKnownFileType = folder.assetcatalog; path = Assets.xcassets; sourceTree = "<group>"; };
		980A4CAA1CCA04DF004EA464 /* Base */ = {isa = PBXFileReference; lastKnownFileType = file.storyboard; name = Base; path = Base.lproj/LaunchScreen.storyboard; sourceTree = "<group>"; };
		980A4CAC1CCA04DF004EA464 /* Info.plist */ = {isa = PBXFileReference; lastKnownFileType = text.plist.xml; path = Info.plist; sourceTree = "<group>"; };
		980A4CB31CCA0521004EA464 /* BSBadgeView.h */ = {isa = PBXFileReference; fileEncoding = 4; lastKnownFileType = sourcecode.c.h; path = BSBadgeView.h; sourceTree = "<group>"; };
		980A4CB41CCA0521004EA464 /* BSBadgeView.m */ = {isa = PBXFileReference; fileEncoding = 4; lastKnownFileType = sourcecode.c.objc; path = BSBadgeView.m; sourceTree = "<group>"; };
		980A4CB51CCA0521004EA464 /* UIView+BSBadge.h */ = {isa = PBXFileReference; fileEncoding = 4; lastKnownFileType = sourcecode.c.h; path = "UIView+BSBadge.h"; sourceTree = "<group>"; };
		980A4CB61CCA0521004EA464 /* UIView+BSBadge.m */ = {isa = PBXFileReference; fileEncoding = 4; lastKnownFileType = sourcecode.c.objc; path = "UIView+BSBadge.m"; sourceTree = "<group>"; };
		980A4CB91CCA0F4B004EA464 /* TabBarViewController.h */ = {isa = PBXFileReference; fileEncoding = 4; lastKnownFileType = sourcecode.c.h; path = TabBarViewController.h; sourceTree = "<group>"; };
		980A4CBA1CCA0F4B004EA464 /* TabBarViewController.m */ = {isa = PBXFileReference; fileEncoding = 4; lastKnownFileType = sourcecode.c.objc; path = TabBarViewController.m; sourceTree = "<group>"; };
		98DEC6911F2EF5D200580FEB /* UITabBarController+BSBadge.h */ = {isa = PBXFileReference; fileEncoding = 4; lastKnownFileType = sourcecode.c.h; path = "UITabBarController+BSBadge.h"; sourceTree = "<group>"; };
		98DEC6921F2EF5D200580FEB /* UITabBarController+BSBadge.m */ = {isa = PBXFileReference; fileEncoding = 4; lastKnownFileType = sourcecode.c.objc; path = "UITabBarController+BSBadge.m"; sourceTree = "<group>"; };
/* End PBXFileReference section */

/* Begin PBXFrameworksBuildPhase section */
		980A4C951CCA04DF004EA464 /* Frameworks */ = {
			isa = PBXFrameworksBuildPhase;
			buildActionMask = 2147483647;
			files = (
			);
			runOnlyForDeploymentPostprocessing = 0;
		};
/* End PBXFrameworksBuildPhase section */

/* Begin PBXGroup section */
		980A4C8F1CCA04DF004EA464 = {
			isa = PBXGroup;
			children = (
				980A4CB21CCA0521004EA464 /* BSBadge */,
				980A4C9A1CCA04DF004EA464 /* BSBadgeDemo */,
				980A4C991CCA04DF004EA464 /* Products */,
			);
			sourceTree = "<group>";
		};
		980A4C991CCA04DF004EA464 /* Products */ = {
			isa = PBXGroup;
			children = (
				980A4C981CCA04DF004EA464 /* BSBadgeDemo.app */,
			);
			name = Products;
			sourceTree = "<group>";
		};
		980A4C9A1CCA04DF004EA464 /* BSBadgeDemo */ = {
			isa = PBXGroup;
			children = (
				980A4C9E1CCA04DF004EA464 /* AppDelegate.h */,
				980A4C9F1CCA04DF004EA464 /* AppDelegate.m */,
				980A4CA11CCA04DF004EA464 /* ViewController.h */,
				980A4CA21CCA04DF004EA464 /* ViewController.m */,
				980A4CA41CCA04DF004EA464 /* Main.storyboard */,
				980A4CA71CCA04DF004EA464 /* Assets.xcassets */,
				980A4CA91CCA04DF004EA464 /* LaunchScreen.storyboard */,
				980A4CAC1CCA04DF004EA464 /* Info.plist */,
				980A4C9B1CCA04DF004EA464 /* Supporting Files */,
				980A4CB91CCA0F4B004EA464 /* TabBarViewController.h */,
				980A4CBA1CCA0F4B004EA464 /* TabBarViewController.m */,
			);
			path = BSBadgeDemo;
			sourceTree = "<group>";
		};
		980A4C9B1CCA04DF004EA464 /* Supporting Files */ = {
			isa = PBXGroup;
			children = (
				980A4C9C1CCA04DF004EA464 /* main.m */,
			);
			name = "Supporting Files";
			sourceTree = "<group>";
		};
		980A4CB21CCA0521004EA464 /* BSBadge */ = {
			isa = PBXGroup;
			children = (
				98DEC6911F2EF5D200580FEB /* UITabBarController+BSBadge.h */,
				98DEC6921F2EF5D200580FEB /* UITabBarController+BSBadge.m */,
				980A4CB31CCA0521004EA464 /* BSBadgeView.h */,
				980A4CB41CCA0521004EA464 /* BSBadgeView.m */,
				980A4CB51CCA0521004EA464 /* UIView+BSBadge.h */,
				980A4CB61CCA0521004EA464 /* UIView+BSBadge.m */,
			);
			path = BSBadge;
			sourceTree = "<group>";
		};
/* End PBXGroup section */

/* Begin PBXNativeTarget section */
		980A4C971CCA04DF004EA464 /* BSBadgeDemo */ = {
			isa = PBXNativeTarget;
			buildConfigurationList = 980A4CAF1CCA04DF004EA464 /* Build configuration list for PBXNativeTarget "BSBadgeDemo" */;
			buildPhases = (
				980A4C941CCA04DF004EA464 /* Sources */,
				980A4C951CCA04DF004EA464 /* Frameworks */,
				980A4C961CCA04DF004EA464 /* Resources */,
			);
			buildRules = (
			);
			dependencies = (
			);
			name = BSBadgeDemo;
			productName = BSBadgeDemo;
			productReference = 980A4C981CCA04DF004EA464 /* BSBadgeDemo.app */;
			productType = "com.apple.product-type.application";
		};
/* End PBXNativeTarget section */

/* Begin PBXProject section */
		980A4C901CCA04DF004EA464 /* Project object */ = {
			isa = PBXProject;
			attributes = {
				LastUpgradeCheck = 0730;
				ORGANIZATIONNAME = BeachSon;
				TargetAttributes = {
					980A4C971CCA04DF004EA464 = {
						CreatedOnToolsVersion = 7.3;
						DevelopmentTeam = 2KLE3D9WR3;
					};
				};
			};
			buildConfigurationList = 980A4C931CCA04DF004EA464 /* Build configuration list for PBXProject "BSBadgeDemo" */;
			compatibilityVersion = "Xcode 3.2";
			developmentRegion = English;
			hasScannedForEncodings = 0;
			knownRegions = (
				en,
				Base,
			);
			mainGroup = 980A4C8F1CCA04DF004EA464;
			productRefGroup = 980A4C991CCA04DF004EA464 /* Products */;
			projectDirPath = "";
			projectRoot = "";
			targets = (
				980A4C971CCA04DF004EA464 /* BSBadgeDemo */,
			);
		};
/* End PBXProject section */

/* Begin PBXResourcesBuildPhase section */
		980A4C961CCA04DF004EA464 /* Resources */ = {
			isa = PBXResourcesBuildPhase;
			buildActionMask = 2147483647;
			files = (
				980A4CAB1CCA04DF004EA464 /* LaunchScreen.storyboard in Resources */,
				980A4CA81CCA04DF004EA464 /* Assets.xcassets in Resources */,
				980A4CA61CCA04DF004EA464 /* Main.storyboard in Resources */,
			);
			runOnlyForDeploymentPostprocessing = 0;
		};
/* End PBXResourcesBuildPhase section */

/* Begin PBXSourcesBuildPhase section */
		980A4C941CCA04DF004EA464 /* Sources */ = {
			isa = PBXSourcesBuildPhase;
			buildActionMask = 2147483647;
			files = (
				980A4CA31CCA04DF004EA464 /* ViewController.m in Sources */,
				980A4CB81CCA0521004EA464 /* UIView+BSBadge.m in Sources */,
				980A4CA01CCA04DF004EA464 /* AppDelegate.m in Sources */,
				980A4C9D1CCA04DF004EA464 /* main.m in Sources */,
				980A4CBB1CCA0F4B004EA464 /* TabBarViewController.m in Sources */,
				98DEC6931F2EF5D200580FEB /* UITabBarController+BSBadge.m in Sources */,
				980A4CB71CCA0521004EA464 /* BSBadgeView.m in Sources */,
			);
			runOnlyForDeploymentPostprocessing = 0;
		};
/* End PBXSourcesBuildPhase section */

/* Begin PBXVariantGroup section */
		980A4CA41CCA04DF004EA464 /* Main.storyboard */ = {
			isa = PBXVariantGroup;
			children = (
				980A4CA51CCA04DF004EA464 /* Base */,
			);
			name = Main.storyboard;
			sourceTree = "<group>";
		};
		980A4CA91CCA04DF004EA464 /* LaunchScreen.storyboard */ = {
			isa = PBXVariantGroup;
			children = (
				980A4CAA1CCA04DF004EA464 /* Base */,
			);
			name = LaunchScreen.storyboard;
			sourceTree = "<group>";
		};
/* End PBXVariantGroup section */

/* Begin XCBuildConfiguration section */
		980A4CAD1CCA04DF004EA464 /* Debug */ = {
			isa = XCBuildConfiguration;
			buildSettings = {
				ALWAYS_SEARCH_USER_PATHS = NO;
				CLANG_ANALYZER_NONNULL = YES;
				CLANG_CXX_LANGUAGE_STANDARD = "gnu++0x";
				CLANG_CXX_LIBRARY = "libc++";
				CLANG_ENABLE_MODULES = YES;
				CLANG_ENABLE_OBJC_ARC = YES;
				CLANG_WARN_BOOL_CONVERSION = YES;
				CLANG_WARN_CONSTANT_CONVERSION = YES;
				CLANG_WARN_DIRECT_OBJC_ISA_USAGE = YES_ERROR;
				CLANG_WARN_EMPTY_BODY = YES;
				CLANG_WARN_ENUM_CONVERSION = YES;
				CLANG_WARN_INT_CONVERSION = YES;
				CLANG_WARN_OBJC_ROOT_CLASS = YES_ERROR;
				CLANG_WARN_UNREACHABLE_CODE = YES;
				CLANG_WARN__DUPLICATE_METHOD_MATCH = YES;
				"CODE_SIGN_IDENTITY[sdk=iphoneos*]" = "iPhone Developer";
				COPY_PHASE_STRIP = NO;
				DEBUG_INFORMATION_FORMAT = dwarf;
				ENABLE_STRICT_OBJC_MSGSEND = YES;
				ENABLE_TESTABILITY = YES;
				GCC_C_LANGUAGE_STANDARD = gnu99;
				GCC_DYNAMIC_NO_PIC = NO;
				GCC_NO_COMMON_BLOCKS = YES;
				GCC_OPTIMIZATION_LEVEL = 0;
				GCC_PREPROCESSOR_DEFINITIONS = (
					"DEBUG=1",
					"$(inherited)",
				);
				GCC_WARN_64_TO_32_BIT_CONVERSION = YES;
				GCC_WARN_ABOUT_RETURN_TYPE = YES_ERROR;
				GCC_WARN_UNDECLARED_SELECTOR = YES;
				GCC_WARN_UNINITIALIZED_AUTOS = YES_AGGRESSIVE;
				GCC_WARN_UNUSED_FUNCTION = YES;
				GCC_WARN_UNUSED_VARIABLE = YES;
				IPHONEOS_DEPLOYMENT_TARGET = 9.3;
				MTL_ENABLE_DEBUG_INFO = YES;
				ONLY_ACTIVE_ARCH = YES;
				SDKROOT = iphoneos;
				TARGETED_DEVICE_FAMILY = "1,2";
			};
			name = Debug;
		};
		980A4CAE1CCA04DF004EA464 /* Release */ = {
			isa = XCBuildConfiguration;
			buildSettings = {
				ALWAYS_SEARCH_USER_PATHS = NO;
				CLANG_ANALYZER_NONNULL = YES;
				CLANG_CXX_LANGUAGE_STANDARD = "gnu++0x";
				CLANG_CXX_LIBRARY = "libc++";
				CLANG_ENABLE_MODULES = YES;
				CLANG_ENABLE_OBJC_ARC = YES;
				CLANG_WARN_BOOL_CONVERSION = YES;
				CLANG_WARN_CONSTANT_CONVERSION = YES;
				CLANG_WARN_DIRECT_OBJC_ISA_USAGE = YES_ERROR;
				CLANG_WARN_EMPTY_BODY = YES;
				CLANG_WARN_ENUM_CONVERSION = YES;
				CLANG_WARN_INT_CONVERSION = YES;
				CLANG_WARN_OBJC_ROOT_CLASS = YES_ERROR;
				CLANG_WARN_UNREACHABLE_CODE = YES;
				CLANG_WARN__DUPLICATE_METHOD_MATCH = YES;
				"CODE_SIGN_IDENTITY[sdk=iphoneos*]" = "iPhone Developer";
				COPY_PHASE_STRIP = NO;
				DEBUG_INFORMATION_FORMAT = "dwarf-with-dsym";
				ENABLE_NS_ASSERTIONS = NO;
				ENABLE_STRICT_OBJC_MSGSEND = YES;
				GCC_C_LANGUAGE_STANDARD = gnu99;
				GCC_NO_COMMON_BLOCKS = YES;
				GCC_WARN_64_TO_32_BIT_CONVERSION = YES;
				GCC_WARN_ABOUT_RETURN_TYPE = YES_ERROR;
				GCC_WARN_UNDECLARED_SELECTOR = YES;
				GCC_WARN_UNINITIALIZED_AUTOS = YES_AGGRESSIVE;
				GCC_WARN_UNUSED_FUNCTION = YES;
				GCC_WARN_UNUSED_VARIABLE = YES;
				IPHONEOS_DEPLOYMENT_TARGET = 9.3;
				MTL_ENABLE_DEBUG_INFO = NO;
				SDKROOT = iphoneos;
				TARGETED_DEVICE_FAMILY = "1,2";
				VALIDATE_PRODUCT = YES;
			};
			name = Release;
		};
		980A4CB01CCA04DF004EA464 /* Debug */ = {
			isa = XCBuildConfiguration;
			buildSettings = {
				ASSETCATALOG_COMPILER_APPICON_NAME = AppIcon;
				DEVELOPMENT_TEAM = 2KLE3D9WR3;
				INFOPLIST_FILE = BSBadgeDemo/Info.plist;
				IPHONEOS_DEPLOYMENT_TARGET = 8.0;
				LD_RUNPATH_SEARCH_PATHS = "$(inherited) @executable_path/Frameworks";
				PRODUCT_BUNDLE_IDENTIFIER = BeachSon.com.BSBadgeDemo;
				PRODUCT_NAME = "$(TARGET_NAME)";
			};
			name = Debug;
		};
		980A4CB11CCA04DF004EA464 /* Release */ = {
			isa = XCBuildConfiguration;
			buildSettings = {
				ASSETCATALOG_COMPILER_APPICON_NAME = AppIcon;
				DEVELOPMENT_TEAM = 2KLE3D9WR3;
				INFOPLIST_FILE = BSBadgeDemo/Info.plist;
				IPHONEOS_DEPLOYMENT_TARGET = 8.0;
				LD_RUNPATH_SEARCH_PATHS = "$(inherited) @executable_path/Frameworks";
				PRODUCT_BUNDLE_IDENTIFIER = BeachSon.com.BSBadgeDemo;
				PRODUCT_NAME = "$(TARGET_NAME)";
			};
			name = Release;
		};
/* End XCBuildConfiguration section */

/* Begin XCConfigurationList section */
		980A4C931CCA04DF004EA464 /* Build configuration list for PBXProject "BSBadgeDemo" */ = {
			isa = XCConfigurationList;
			buildConfigurations = (
				980A4CAD1CCA04DF004EA464 /* Debug */,
				980A4CAE1CCA04DF004EA464 /* Release */,
			);
			defaultConfigurationIsVisible = 0;
			defaultConfigurationName = Release;
		};
		980A4CAF1CCA04DF004EA464 /* Build configuration list for PBXNativeTarget "BSBadgeDemo" */ = {
			isa = XCConfigurationList;
			buildConfigurations = (
				980A4CB01CCA04DF004EA464 /* Debug */,
				980A4CB11CCA04DF004EA464 /* Release */,
			);
			defaultConfigurationIsVisible = 0;
			defaultConfigurationName = Release;
		};
/* End XCConfigurationList section */
	};
	rootObject = 980A4C901CCA04DF004EA464 /* Project object */;
}
